
Microsoft Visual Studio Solution File, Format Version 12.00
# Visual Studio 15
VisualStudioVersion = 15.0.27703.2018
MinimumVisualStudioVersion = 10.0.40219.1
Project("{FAE04EC0-301F-11D3-BF4B-00C04F79EFBC}") = "SimpleDockerizedApp", "SimpleDockerizedApp\SimpleDockerizedApp.csproj", "{509774A1-01E1-41F3-B8ED-9004D5C08C77}"
EndProject
Global
	GlobalSection(SolutionConfigurationPlatforms) = preSolution
		Debug|Any CPU = Debug|Any CPU
		Release|Any CPU = Release|Any CPU
	EndGlobalSection
	GlobalSection(ProjectConfigurationPlatforms) = postSolution
		{509774A1-01E1-41F3-B8ED-9004D5C08C77}.Debug|Any CPU.ActiveCfg = Debug|Any CPU
		{509774A1-01E1-41F3-B8ED-9004D5C08C77}.Debug|Any CPU.Build.0 = Debug|Any CPU
		{509774A1-01E1-41F3-B8ED-9004D5C08C77}.Release|Any CPU.ActiveCfg = Release|Any CPU
		{509774A1-01E1-41F3-B8ED-9004D5C08C77}.Release|Any CPU.Build.0 = Release|Any CPU
	EndGlobalSection
	GlobalSection(SolutionProperties) = preSolution
		HideSolutionNode = FALSE
	EndGlobalSection
	GlobalSection(ExtensibilityGlobals) = postSolution
		SolutionGuid = {54A4D207-AAFD-4E43-8E74-6813539C0990}
	EndGlobalSection
EndGlobal
